
Microsoft Visual Studio Solution File, Format Version 12.00
# Visual Studio Version 17
VisualStudioVersion = 17.7.34221.43
MinimumVisualStudioVersion = 10.0.40219.1
Project("{FAE04EC0-301F-11D3-BF4B-00C04F79EFBC}") = "RazorPageMovie", "RazorPageMovie\RazorPageMovie.csproj", "{370627E2-ECA5-4282-9A42-164FF66DDF05}"
EndProject
Global
	GlobalSection(SolutionConfigurationPlatforms) = preSolution
		Debug|Any CPU = Debug|Any CPU
		Release|Any CPU = Release|Any CPU
	EndGlobalSection
	GlobalSection(ProjectConfigurationPlatforms) = postSolution
		{370627E2-ECA5-4282-9A42-164FF66DDF05}.Debug|Any CPU.ActiveCfg = Debug|Any CPU
		{370627E2-ECA5-4282-9A42-164FF66DDF05}.Debug|Any CPU.Build.0 = Debug|Any CPU
		{370627E2-ECA5-4282-9A42-164FF66DDF05}.Release|Any CPU.ActiveCfg = Release|Any CPU
		{370627E2-ECA5-4282-9A42-164FF66DDF05}.Release|Any CPU.Build.0 = Release|Any CPU
	EndGlobalSection
	GlobalSection(SolutionProperties) = preSolution
		HideSolutionNode = FALSE
	EndGlobalSection
	GlobalSection(ExtensibilityGlobals) = postSolution
		SolutionGuid = {7846253C-4EB6-4D74-B4B7-9C28FFFDFBA9}
	EndGlobalSection
EndGlobal
